
Microsoft Visual Studio Solution File, Format Version 12.00
# Visual Studio Version 17
VisualStudioVersion = 17.5.33502.453
MinimumVisualStudioVersion = 10.0.40219.1
Project("{8BC9CEB8-8B4A-11D0-8D11-00A0C91BC942}") = "P1", "P1\P1.vcxproj", "{333800CC-31D5-44C2-960F-D4810DFD34FE}"
EndProject
Project("{8BC9CEB8-8B4A-11D0-8D11-00A0C91BC942}") = "P2", "P2\P2.vcxproj", "{9660EB2A-C920-44DE-8E2F-DB588B257A42}"
EndProject
Project("{8BC9CEB8-8B4A-11D0-8D11-00A0C91BC942}") = "P3", "P3\P3.vcxproj", "{7C57FCAF-2119-4515-B029-CA3F4EC37C66}"
EndProject
Project("{8BC9CEB8-8B4A-11D0-8D11-00A0C91BC942}") = "P4", "P4\P4.vcxproj", "{F0F96F44-35B7-4844-9071-1B1E68050C6C}"
EndProject
Project("{8BC9CEB8-8B4A-11D0-8D11-00A0C91BC942}") = "P5", "P5\P5.vcxproj", "{7B078663-86F4-4846-94B3-2F8A9B54A99E}"
EndProject
Project("{8BC9CEB8-8B4A-11D0-8D11-00A0C91BC942}") = "P6", "P6\P6.vcxproj", "{E341E4CA-AA46-43AD-BFB9-24C4F0595955}"
EndProject
Project("{8BC9CEB8-8B4A-11D0-8D11-00A0C91BC942}") = "P7", "P7\P7.vcxproj", "{5C60F236-3981-4475-9196-9629C440D24E}"
EndProject
Project("{8BC9CEB8-8B4A-11D0-8D11-00A0C91BC942}") = "P8", "P8\P8.vcxproj", "{05901B52-83E6-4D5F-A1D5-772FD2DA9381}"
EndProject
Global
	GlobalSection(SolutionConfigurationPlatforms) = preSolution
		Debug|x64 = Debug|x64
		Debug|x86 = Debug|x86
		Release|x64 = Release|x64
		Release|x86 = Release|x86
	EndGlobalSection
	GlobalSection(ProjectConfigurationPlatforms) = postSolution
		{333800CC-31D5-44C2-960F-D4810DFD34FE}.Debug|x64.ActiveCfg = Debug|x64
		{333800CC-31D5-44C2-960F-D4810DFD34FE}.Debug|x64.Build.0 = Debug|x64
		{333800CC-31D5-44C2-960F-D4810DFD34FE}.Debug|x86.ActiveCfg = Debug|Win32
		{333800CC-31D5-44C2-960F-D4810DFD34FE}.Debug|x86.Build.0 = Debug|Win32
		{333800CC-31D5-44C2-960F-D4810DFD34FE}.Release|x64.ActiveCfg = Release|x64
		{333800CC-31D5-44C2-960F-D4810DFD34FE}.Release|x64.Build.0 = Release|x64
		{333800CC-31D5-44C2-960F-D4810DFD34FE}.Release|x86.ActiveCfg = Release|Win32
		{333800CC-31D5-44C2-960F-D4810DFD34FE}.Release|x86.Build.0 = Release|Win32
		{9660EB2A-C920-44DE-8E2F-DB588B257A42}.Debug|x64.ActiveCfg = Debug|x64
		{9660EB2A-C920-44DE-8E2F-DB588B257A42}.Debug|x64.Build.0 = Debug|x64
		{9660EB2A-C920-44DE-8E2F-DB588B257A42}.Debug|x86.ActiveCfg = Debug|Win32
		{9660EB2A-C920-44DE-8E2F-DB588B257A42}.Debug|x86.Build.0 = Debug|Win32
		{9660EB2A-C920-44DE-8E2F-DB588B257A42}.Release|x64.ActiveCfg = Release|x64
		{9660EB2A-C920-44DE-8E2F-DB588B257A42}.Release|x64.Build.0 = Release|x64
		{9660EB2A-C920-44DE-8E2F-DB588B257A42}.Release|x86.ActiveCfg = Release|Win32
		{9660EB2A-C920-44DE-8E2F-DB588B257A42}.Release|x86.Build.0 = Release|Win32
		{7C57FCAF-2119-4515-B029-CA3F4EC37C66}.Debug|x64.ActiveCfg = Debug|x64
		{7C57FCAF-2119-4515-B029-CA3F4EC37C66}.Debug|x64.Build.0 = Debug|x64
		{7C57FCAF-2119-4515-B029-CA3F4EC37C66}.Debug|x86.ActiveCfg = Debug|Win32
		{7C57FCAF-2119-4515-B029-CA3F4EC37C66}.Debug|x86.Build.0 = Debug|Win32
		{7C57FCAF-2119-4515-B029-CA3F4EC37C66}.Release|x64.ActiveCfg = Release|x64
		{7C57FCAF-2119-4515-B029-CA3F4EC37C66}.Release|x64.Build.0 = Release|x64
		{7C57FCAF-2119-4515-B029-CA3F4EC37C66}.Release|x86.ActiveCfg = Release|Win32
		{7C57FCAF-2119-4515-B029-CA3F4EC37C66}.Release|x86.Build.0 = Release|Win32
		{F0F96F44-35B7-4844-9071-1B1E68050C6C}.Debug|x64.ActiveCfg = Debug|x64
		{F0F96F44-35B7-4844-9071-1B1E68050C6C}.Debug|x64.Build.0 = Debug|x64
		{F0F96F44-35B7-4844-9071-1B1E68050C6C}.Debug|x86.ActiveCfg = Debug|Win32
		{F0F96F44-35B7-4844-9071-1B1E68050C6C}.Debug|x86.Build.0 = Debug|Win32
		{F0F96F44-35B7-4844-9071-1B1E68050C6C}.Release|x64.ActiveCfg = Release|x64
		{F0F96F44-35B7-4844-9071-1B1E68050C6C}.Release|x64.Build.0 = Release|x64
		{F0F96F44-35B7-4844-9071-1B1E68050C6C}.Release|x86.ActiveCfg = Release|Win32
		{F0F96F44-35B7-4844-9071-1B1E68050C6C}.Release|x86.Build.0 = Release|Win32
		{7B078663-86F4-4846-94B3-2F8A9B54A99E}.Debug|x64.ActiveCfg = Debug|x64
		{7B078663-86F4-4846-94B3-2F8A9B54A99E}.Debug|x64.Build.0 = Debug|x64
		{7B078663-86F4-4846-94B3-2F8A9B54A99E}.Debug|x86.ActiveCfg = Debug|Win32
		{7B078663-86F4-4846-94B3-2F8A9B54A99E}.Debug|x86.Build.0 = Debug|Win32
		{7B078663-86F4-4846-94B3-2F8A9B54A99E}.Release|x64.ActiveCfg = Release|x64
		{7B078663-86F4-4846-94B3-2F8A9B54A99E}.Release|x64.Build.0 = Release|x64
		{7B078663-86F4-4846-94B3-2F8A9B54A99E}.Release|x86.ActiveCfg = Release|Win32
		{7B078663-86F4-4846-94B3-2F8A9B54A99E}.Release|x86.Build.0 = Release|Win32
		{E341E4CA-AA46-43AD-BFB9-24C4F0595955}.Debug|x64.ActiveCfg = Debug|x64
		{E341E4CA-AA46-43AD-BFB9-24C4F0595955}.Debug|x64.Build.0 = Debug|x64
		{E341E4CA-AA46-43AD-BFB9-24C4F0595955}.Debug|x86.ActiveCfg = Debug|Win32
		{E341E4CA-AA46-43AD-BFB9-24C4F0595955}.Debug|x86.Build.0 = Debug|Win32
		{E341E4CA-AA46-43AD-BFB9-24C4F0595955}.Release|x64.ActiveCfg = Release|x64
		{E341E4CA-AA46-43AD-BFB9-24C4F0595955}.Release|x64.Build.0 = Release|x64
		{E341E4CA-AA46-43AD-BFB9-24C4F0595955}.Release|x86.ActiveCfg = Release|Win32
		{E341E4CA-AA46-43AD-BFB9-24C4F0595955}.Release|x86.Build.0 = Release|Win32
		{5C60F236-3981-4475-9196-9629C440D24E}.Debug|x64.ActiveCfg = Debug|x64
		{5C60F236-3981-4475-9196-9629C440D24E}.Debug|x64.Build.0 = Debug|x64
		{5C60F236-3981-4475-9196-9629C440D24E}.Debug|x86.ActiveCfg = Debug|Win32
		{5C60F236-3981-4475-9196-9629C440D24E}.Debug|x86.Build.0 = Debug|Win32
		{5C60F236-3981-4475-9196-9629C440D24E}.Release|x64.ActiveCfg = Release|x64
		{5C60F236-3981-4475-9196-9629C440D24E}.Release|x64.Build.0 = Release|x64
		{5C60F236-3981-4475-9196-9629C440D24E}.Release|x86.ActiveCfg = Release|Win32
		{5C60F236-3981-4475-9196-9629C440D24E}.Release|x86.Build.0 = Release|Win32
		{05901B52-83E6-4D5F-A1D5-772FD2DA9381}.Debug|x64.ActiveCfg = Debug|x64
		{05901B52-83E6-4D5F-A1D5-772FD2DA9381}.Debug|x64.Build.0 = Debug|x64
		{05901B52-83E6-4D5F-A1D5-772FD2DA9381}.Debug|x86.ActiveCfg = Debug|Win32
		{05901B52-83E6-4D5F-A1D5-772FD2DA9381}.Debug|x86.Build.0 = Debug|Win32
		{05901B52-83E6-4D5F-A1D5-772FD2DA9381}.Release|x64.ActiveCfg = Release|x64
		{05901B52-83E6-4D5F-A1D5-772FD2DA9381}.Release|x64.Build.0 = Release|x64
		{05901B52-83E6-4D5F-A1D5-772FD2DA9381}.Release|x86.ActiveCfg = Release|Win32
		{05901B52-83E6-4D5F-A1D5-772FD2DA9381}.Release|x86.Build.0 = Release|Win32
	EndGlobalSection
	GlobalSection(SolutionProperties) = preSolution
		HideSolutionNode = FALSE
	EndGlobalSection
	GlobalSection(ExtensibilityGlobals) = postSolution
		SolutionGuid = {AB3E8F4D-34F5-4E15-82B6-81180A3E83D4}
	EndGlobalSection
EndGlobal
